// !$*UTF8*$!
{
	archiveVersion = 1;
	classes = {
	};
	objectVersion = 56;
	objects = {

/* Begin PBXBuildFile section */
		L20000010000000000000001 /* home.json in Resources */ = {isa = PBXBuildFile; fileRef = L10000010000000000000001 /* home.json */; };
		L20000020000000000000002 /* leaf.json in Resources */ = {isa = PBXBuildFile; fileRef = L10000020000000000000002 /* leaf.json */; };
		L20000030000000000000003 /* walking.json in Resources */ = {isa = PBXBuildFile; fileRef = L10000030000000000000003 /* walking.json */; };
		L20000040000000000000004 /* sparkle.json in Resources */ = {isa = PBXBuildFile; fileRef = L10000040000000000000004 /* sparkle.json */; };
		L20000050000000000000005 /* gear.json in Resources */ = {isa = PBXBuildFile; fileRef = L10000050000000000000005 /* gear.json */; };
		I20000010000000000000001 /* yoga-follicular.png in Resources */ = {isa = PBXBuildFile; fileRef = I10000010000000000000001 /* yoga-follicular.png */; };
		I20000020000000000000002 /* contemplation-luteal.png in Resources */ = {isa = PBXBuildFile; fileRef = I10000020000000000000002 /* contemplation-luteal.png */; };
		I20000030000000000000003 /* eating-healthy.png in Resources */ = {isa = PBXBuildFile; fileRef = I10000030000000000000003 /* eating-healthy.png */; };
		I20000040000000000000004 /* hiking-ovulation.png in Resources */ = {isa = PBXBuildFile; fileRef = I10000040000000000000004 /* hiking-ovulation.png */; };
		I20000050000000000000005 /* eating-menstrual.png in Resources */ = {isa = PBXBuildFile; fileRef = I10000050000000000000005 /* eating-menstrual.png */; };
		A10000010000000000000001 /* ClioApp.swift in Sources */ = {isa = PBXBuildFile; fileRef = A20000010000000000000001 /* ClioApp.swift */; };
		A10000020000000000000002 /* ClioTheme.swift in Sources */ = {isa = PBXBuildFile; fileRef = A20000020000000000000002 /* ClioTheme.swift */; };
		A10000030000000000000003 /* UserSettings.swift in Sources */ = {isa = PBXBuildFile; fileRef = A20000030000000000000003 /* UserSettings.swift */; };
		A10000050000000000000005 /* MovementEntry.swift in Sources */ = {isa = PBXBuildFile; fileRef = A20000050000000000000005 /* MovementEntry.swift */; };
		A10000060000000000000006 /* MealEntry.swift in Sources */ = {isa = PBXBuildFile; fileRef = A20000060000000000000006 /* MealEntry.swift */; };
		A10000400000000000000040 /* SavedMeal.swift in Sources */ = {isa = PBXBuildFile; fileRef = A20000400000000000000040 /* SavedMeal.swift */; };
		A10000410000000000000041 /* FeelCheck.swift in Sources */ = {isa = PBXBuildFile; fileRef = A20000410000000000000041 /* FeelCheck.swift */; };
		A10000420000000000000042 /* PersonalInsight.swift in Sources */ = {isa = PBXBuildFile; fileRef = A20000420000000000000042 /* PersonalInsight.swift */; };
		A10000080000000000000008 /* MovementTypeCard.swift in Sources */ = {isa = PBXBuildFile; fileRef = A20000080000000000000008 /* MovementTypeCard.swift */; };
		A10000090000000000000009 /* EnergySlider.swift in Sources */ = {isa = PBXBuildFile; fileRef = A20000090000000000000009 /* EnergySlider.swift */; };
		A1000010000000000000000A /* SensationChip.swift in Sources */ = {isa = PBXBuildFile; fileRef = A2000010000000000000000A /* SensationChip.swift */; };
		A1000015000000000000000F /* HomeView.swift in Sources */ = {isa = PBXBuildFile; fileRef = A2000015000000000000000F /* HomeView.swift */; };
		A10000170000000000000011 /* SettingsView.swift in Sources */ = {isa = PBXBuildFile; fileRef = A20000170000000000000011 /* SettingsView.swift */; };
		A10000190000000000000013 /* Assets.xcassets in Resources */ = {isa = PBXBuildFile; fileRef = A20000190000000000000013 /* Assets.xcassets */; };
		A1000020000000000000001A /* HapticFeedback.swift in Sources */ = {isa = PBXBuildFile; fileRef = A2000020000000000000001A /* HapticFeedback.swift */; };
		A1000021000000000000001B /* OnboardingView.swift in Sources */ = {isa = PBXBuildFile; fileRef = A2000021000000000000001B /* OnboardingView.swift */; };
		A1000022000000000000001C /* AnimationHelpers.swift in Sources */ = {isa = PBXBuildFile; fileRef = A2000022000000000000001C /* AnimationHelpers.swift */; };
		A1000023000000000000001D /* KeyboardHelpers.swift in Sources */ = {isa = PBXBuildFile; fileRef = A2000023000000000000001D /* KeyboardHelpers.swift */; };
		A1000024000000000000001E /* DataExporter.swift in Sources */ = {isa = PBXBuildFile; fileRef = A2000024000000000000001E /* DataExporter.swift */; };
		A10000500000000000000050 /* AddMealView.swift in Sources */ = {isa = PBXBuildFile; fileRef = A20000500000000000000050 /* AddMealView.swift */; };
		A10000510000000000000051 /* AddMovementView.swift in Sources */ = {isa = PBXBuildFile; fileRef = A20000510000000000000051 /* AddMovementView.swift */; };
		A10000520000000000000052 /* EatView.swift in Sources */ = {isa = PBXBuildFile; fileRef = A20000520000000000000052 /* EatView.swift */; };
		A10000530000000000000053 /* FeelCheckView.swift in Sources */ = {isa = PBXBuildFile; fileRef = A20000530000000000000053 /* FeelCheckView.swift */; };
		A10000540000000000000054 /* InsightsView.swift in Sources */ = {isa = PBXBuildFile; fileRef = A20000540000000000000054 /* InsightsView.swift */; };
		A10000550000000000000055 /* MoveView.swift in Sources */ = {isa = PBXBuildFile; fileRef = A20000550000000000000055 /* MoveView.swift */; };
		MH1000010000000000000001 /* MealHistoryView.swift in Sources */ = {isa = PBXBuildFile; fileRef = MH2000010000000000000001 /* MealHistoryView.swift */; };
		Q10000010000000000000001 /* QuickDailyLogView.swift in Sources */ = {isa = PBXBuildFile; fileRef = Q20000010000000000000001 /* QuickDailyLogView.swift */; };
		A10000560000000000000056 /* PhaseTipData.swift in Sources */ = {isa = PBXBuildFile; fileRef = A20000560000000000000056 /* PhaseTipData.swift */; };
		A10000570000000000000057 /* CorrelationEngine.swift in Sources */ = {isa = PBXBuildFile; fileRef = A20000570000000000000057 /* CorrelationEngine.swift */; };
		A10000580000000000000058 /* CyclePhaseEngine.swift in Sources */ = {isa = PBXBuildFile; fileRef = A20000580000000000000058 /* CyclePhaseEngine.swift */; };
		A10000590000000000000059 /* InsightGenerator.swift in Sources */ = {isa = PBXBuildFile; fileRef = A20000590000000000000059 /* InsightGenerator.swift */; };
		S10000010000000000000001 /* SampleDataGenerator.swift in Sources */ = {isa = PBXBuildFile; fileRef = S20000010000000000000001 /* SampleDataGenerator.swift */; };
		P10000010000000000000001 /* PhaseHeroView.swift in Sources */ = {isa = PBXBuildFile; fileRef = P20000010000000000000001 /* PhaseHeroView.swift */; };
		E10000010000000000000001 /* EditMealView.swift in Sources */ = {isa = PBXBuildFile; fileRef = E20000010000000000000001 /* EditMealView.swift */; };
		F10000010000000000000001 /* CrimsonPro-Regular.ttf in Resources */ = {isa = PBXBuildFile; fileRef = F20000010000000000000001 /* CrimsonPro-Regular.ttf */; };
		F10000020000000000000002 /* CrimsonPro-Medium.ttf in Resources */ = {isa = PBXBuildFile; fileRef = F20000020000000000000002 /* CrimsonPro-Medium.ttf */; };
		F10000030000000000000003 /* CrimsonPro-SemiBold.ttf in Resources */ = {isa = PBXBuildFile; fileRef = F20000030000000000000003 /* CrimsonPro-SemiBold.ttf */; };
		PRI000010000000000000001 /* PrivacyInfo.xcprivacy in Resources */ = {isa = PBXBuildFile; fileRef = PRI000020000000000000001 /* PrivacyInfo.xcprivacy */; };
/* End PBXBuildFile section */

/* Begin PBXFileReference section */
		ENT000010000000000000001 /* Clio.entitlements */ = {isa = PBXFileReference; lastKnownFileType = text.plist.entitlements; path = Clio.entitlements; sourceTree = "<group>"; };
		PRI000020000000000000001 /* PrivacyInfo.xcprivacy */ = {isa = PBXFileReference; lastKnownFileType = text.xml; path = PrivacyInfo.xcprivacy; sourceTree = "<group>"; };
		A20000010000000000000001 /* ClioApp.swift */ = {isa = PBXFileReference; lastKnownFileType = sourcecode.swift; path = ClioApp.swift; sourceTree = "<group>"; };
		A20000020000000000000002 /* ClioTheme.swift */ = {isa = PBXFileReference; lastKnownFileType = sourcecode.swift; path = ClioTheme.swift; sourceTree = "<group>"; };
		A20000030000000000000003 /* UserSettings.swift */ = {isa = PBXFileReference; lastKnownFileType = sourcecode.swift; path = UserSettings.swift; sourceTree = "<group>"; };
		A20000050000000000000005 /* MovementEntry.swift */ = {isa = PBXFileReference; lastKnownFileType = sourcecode.swift; path = MovementEntry.swift; sourceTree = "<group>"; };
		A20000060000000000000006 /* MealEntry.swift */ = {isa = PBXFileReference; lastKnownFileType = sourcecode.swift; path = MealEntry.swift; sourceTree = "<group>"; };
		L10000010000000000000001 /* home.json */ = {isa = PBXFileReference; lastKnownFileType = text.json; path = home.json; sourceTree = "<group>"; };
		L10000020000000000000002 /* leaf.json */ = {isa = PBXFileReference; lastKnownFileType = text.json; path = leaf.json; sourceTree = "<group>"; };
		L10000030000000000000003 /* walking.json */ = {isa = PBXFileReference; lastKnownFileType = text.json; path = walking.json; sourceTree = "<group>"; };
		L10000040000000000000004 /* sparkle.json */ = {isa = PBXFileReference; lastKnownFileType = text.json; path = sparkle.json; sourceTree = "<group>"; };
		L10000050000000000000005 /* gear.json */ = {isa = PBXFileReference; lastKnownFileType = text.json; path = gear.json; sourceTree = "<group>"; };
		A20000400000000000000040 /* SavedMeal.swift */ = {isa = PBXFileReference; lastKnownFileType = sourcecode.swift; path = SavedMeal.swift; sourceTree = "<group>"; };
		A20000410000000000000041 /* FeelCheck.swift */ = {isa = PBXFileReference; lastKnownFileType = sourcecode.swift; path = FeelCheck.swift; sourceTree = "<group>"; };
		A20000420000000000000042 /* PersonalInsight.swift */ = {isa = PBXFileReference; lastKnownFileType = sourcecode.swift; path = PersonalInsight.swift; sourceTree = "<group>"; };
		A20000080000000000000008 /* MovementTypeCard.swift */ = {isa = PBXFileReference; lastKnownFileType = sourcecode.swift; path = MovementTypeCard.swift; sourceTree = "<group>"; };
		A20000090000000000000009 /* EnergySlider.swift */ = {isa = PBXFileReference; lastKnownFileType = sourcecode.swift; path = EnergySlider.swift; sourceTree = "<group>"; };
		A2000010000000000000000A /* SensationChip.swift */ = {isa = PBXFileReference; lastKnownFileType = sourcecode.swift; path = SensationChip.swift; sourceTree = "<group>"; };
		A2000015000000000000000F /* HomeView.swift */ = {isa = PBXFileReference; lastKnownFileType = sourcecode.swift; path = HomeView.swift; sourceTree = "<group>"; };
		A20000170000000000000011 /* SettingsView.swift */ = {isa = PBXFileReference; lastKnownFileType = sourcecode.swift; path = SettingsView.swift; sourceTree = "<group>"; };
		A20000190000000000000013 /* Assets.xcassets */ = {isa = PBXFileReference; lastKnownFileType = folder.assetcatalog; path = Assets.xcassets; sourceTree = "<group>"; };
		A2000020000000000000001A /* HapticFeedback.swift */ = {isa = PBXFileReference; lastKnownFileType = sourcecode.swift; path = HapticFeedback.swift; sourceTree = "<group>"; };
		A2000021000000000000001B /* OnboardingView.swift */ = {isa = PBXFileReference; lastKnownFileType = sourcecode.swift; path = OnboardingView.swift; sourceTree = "<group>"; };
		A2000022000000000000001C /* AnimationHelpers.swift */ = {isa = PBXFileReference; lastKnownFileType = sourcecode.swift; path = AnimationHelpers.swift; sourceTree = "<group>"; };
		A2000023000000000000001D /* KeyboardHelpers.swift */ = {isa = PBXFileReference; lastKnownFileType = sourcecode.swift; path = KeyboardHelpers.swift; sourceTree = "<group>"; };
		A2000024000000000000001E /* DataExporter.swift */ = {isa = PBXFileReference; lastKnownFileType = sourcecode.swift; path = DataExporter.swift; sourceTree = "<group>"; };
		A3000001000000000000001A /* Clio.app */ = {isa = PBXFileReference; explicitFileType = wrapper.application; includeInIndex = 0; path = Clio.app; sourceTree = BUILT_PRODUCTS_DIR; };
		A20000500000000000000050 /* AddMealView.swift */ = {isa = PBXFileReference; lastKnownFileType = sourcecode.swift; path = AddMealView.swift; sourceTree = "<group>"; };
		A20000510000000000000051 /* AddMovementView.swift */ = {isa = PBXFileReference; lastKnownFileType = sourcecode.swift; path = AddMovementView.swift; sourceTree = "<group>"; };
		A20000520000000000000052 /* EatView.swift */ = {isa = PBXFileReference; lastKnownFileType = sourcecode.swift; path = EatView.swift; sourceTree = "<group>"; };
		A20000530000000000000053 /* FeelCheckView.swift */ = {isa = PBXFileReference; lastKnownFileType = sourcecode.swift; path = FeelCheckView.swift; sourceTree = "<group>"; };
		A20000540000000000000054 /* InsightsView.swift */ = {isa = PBXFileReference; lastKnownFileType = sourcecode.swift; path = InsightsView.swift; sourceTree = "<group>"; };
		A20000550000000000000055 /* MoveView.swift */ = {isa = PBXFileReference; lastKnownFileType = sourcecode.swift; path = MoveView.swift; sourceTree = "<group>"; };
		MH2000010000000000000001 /* MealHistoryView.swift */ = {isa = PBXFileReference; lastKnownFileType = sourcecode.swift; path = MealHistoryView.swift; sourceTree = "<group>"; };
		Q20000010000000000000001 /* QuickDailyLogView.swift */ = {isa = PBXFileReference; lastKnownFileType = sourcecode.swift; path = QuickDailyLogView.swift; sourceTree = "<group>"; };
		A20000560000000000000056 /* PhaseTipData.swift */ = {isa = PBXFileReference; lastKnownFileType = sourcecode.swift; path = PhaseTipData.swift; sourceTree = "<group>"; };
		A20000570000000000000057 /* CorrelationEngine.swift */ = {isa = PBXFileReference; lastKnownFileType = sourcecode.swift; path = CorrelationEngine.swift; sourceTree = "<group>"; };
		A20000580000000000000058 /* CyclePhaseEngine.swift */ = {isa = PBXFileReference; lastKnownFileType = sourcecode.swift; path = CyclePhaseEngine.swift; sourceTree = "<group>"; };
		A20000590000000000000059 /* InsightGenerator.swift */ = {isa = PBXFileReference; lastKnownFileType = sourcecode.swift; path = InsightGenerator.swift; sourceTree = "<group>"; };
		S20000010000000000000001 /* SampleDataGenerator.swift */ = {isa = PBXFileReference; lastKnownFileType = sourcecode.swift; path = SampleDataGenerator.swift; sourceTree = "<group>"; };
		I10000010000000000000001 /* yoga-follicular.png */ = {isa = PBXFileReference; lastKnownFileType = image.png; path = "yoga-follicular.png"; sourceTree = "<group>"; };
		I10000020000000000000002 /* contemplation-luteal.png */ = {isa = PBXFileReference; lastKnownFileType = image.png; path = "contemplation-luteal.png"; sourceTree = "<group>"; };
		I10000030000000000000003 /* eating-healthy.png */ = {isa = PBXFileReference; lastKnownFileType = image.png; path = "eating-healthy.png"; sourceTree = "<group>"; };
		I10000040000000000000004 /* hiking-ovulation.png */ = {isa = PBXFileReference; lastKnownFileType = image.png; path = "hiking-ovulation.png"; sourceTree = "<group>"; };
		I10000050000000000000005 /* eating-menstrual.png */ = {isa = PBXFileReference; lastKnownFileType = image.png; path = "eating-menstrual.png"; sourceTree = "<group>"; };
		P20000010000000000000001 /* PhaseHeroView.swift */ = {isa = PBXFileReference; lastKnownFileType = sourcecode.swift; path = PhaseHeroView.swift; sourceTree = "<group>"; };
		E20000010000000000000001 /* EditMealView.swift */ = {isa = PBXFileReference; lastKnownFileType = sourcecode.swift; path = EditMealView.swift; sourceTree = "<group>"; };
		F20000010000000000000001 /* CrimsonPro-Regular.ttf */ = {isa = PBXFileReference; lastKnownFileType = file; path = "CrimsonPro-Regular.ttf"; sourceTree = "<group>"; };
		F20000020000000000000002 /* CrimsonPro-Medium.ttf */ = {isa = PBXFileReference; lastKnownFileType = file; path = "CrimsonPro-Medium.ttf"; sourceTree = "<group>"; };
		F20000030000000000000003 /* CrimsonPro-SemiBold.ttf */ = {isa = PBXFileReference; lastKnownFileType = file; path = "CrimsonPro-SemiBold.ttf"; sourceTree = "<group>"; };
/* End PBXFileReference section */

/* Begin PBXFrameworksBuildPhase section */
		A4000001000000000000001B /* Frameworks */ = {
			isa = PBXFrameworksBuildPhase;
			buildActionMask = 2147483647;
			files = (
			);
			runOnlyForDeploymentPostprocessing = 0;
		};
/* End PBXFrameworksBuildPhase section */

/* Begin PBXGroup section */
		A5000001000000000000001C /* = Clio */ = {
			isa = PBXGroup;
			children = (
				A5000002000000000000001D /* Clio */,
				A5000003000000000000001E /* Products */,
			);
			sourceTree = "<group>";
		};
		A5000002000000000000001D /* Clio */ = {
			isa = PBXGroup;
			children = (
				ENT000010000000000000001 /* Clio.entitlements */,
				PRI000020000000000000001 /* PrivacyInfo.xcprivacy */,
				A20000010000000000000001 /* ClioApp.swift */,
				A5000004000000000000001F /* Theme */,
				A50000050000000000000020 /* Models */,
				A50000060000000000000021 /* Components */,
				A50000070000000000000022 /* Views */,
				A50000080000000000000023 /* Utilities */,
				A20000190000000000000013 /* Assets.xcassets */,
				571DC86F94E35E0BD1366C5D /* Services */,
				A50000600000000000000060 /* Data */,
				L50000010000000000000001 /* Resources */,
			);
			path = Clio;
			sourceTree = "<group>";
		};
		A5000003000000000000001E /* Products */ = {
			isa = PBXGroup;
			children = (
				A3000001000000000000001A /* Clio.app */,
			);
			name = Products;
			sourceTree = "<group>";
		};
		A5000004000000000000001F /* Theme */ = {
			isa = PBXGroup;
			children = (
				A20000020000000000000002 /* ClioTheme.swift */,
			);
			path = Theme;
			sourceTree = "<group>";
		};
		A50000050000000000000020 /* Models */ = {
			isa = PBXGroup;
			children = (
				A20000030000000000000003 /* UserSettings.swift */,
				A20000050000000000000005 /* MovementEntry.swift */,
				A20000060000000000000006 /* MealEntry.swift */,
				A20000400000000000000040 /* SavedMeal.swift */,
				A20000410000000000000041 /* FeelCheck.swift */,
				A20000420000000000000042 /* PersonalInsight.swift */,
			);
			path = Models;
			sourceTree = "<group>";
		};
		A50000060000000000000021 /* Components */ = {
			isa = PBXGroup;
			children = (
				A20000080000000000000008 /* MovementTypeCard.swift */,
				A20000090000000000000009 /* EnergySlider.swift */,
				A2000010000000000000000A /* SensationChip.swift */,
				P20000010000000000000001 /* PhaseHeroView.swift */,
			);
			path = Components;
			sourceTree = "<group>";
		};
		A50000070000000000000022 /* Views */ = {
			isa = PBXGroup;
			children = (
				A2000015000000000000000F /* HomeView.swift */,
				A20000170000000000000011 /* SettingsView.swift */,
				A2000021000000000000001B /* OnboardingView.swift */,
				A20000500000000000000050 /* AddMealView.swift */,
				A20000510000000000000051 /* AddMovementView.swift */,
				A20000520000000000000052 /* EatView.swift */,
				E20000010000000000000001 /* EditMealView.swift */,
				A20000530000000000000053 /* FeelCheckView.swift */,
				A20000540000000000000054 /* InsightsView.swift */,
				A20000550000000000000055 /* MoveView.swift */,
				MH2000010000000000000001 /* MealHistoryView.swift */,
				Q20000010000000000000001 /* QuickDailyLogView.swift */,
			);
			path = Views;
			sourceTree = "<group>";
		};
		A50000080000000000000023 /* Utilities */ = {
			isa = PBXGroup;
			children = (
				A2000020000000000000001A /* HapticFeedback.swift */,
				A2000022000000000000001C /* AnimationHelpers.swift */,
				A2000023000000000000001D /* KeyboardHelpers.swift */,
				A2000024000000000000001E /* DataExporter.swift */,
			);
			path = Utilities;
			sourceTree = "<group>";
		};
		571DC86F94E35E0BD1366C5D /* Services */ = {
			isa = PBXGroup;
			children = (
				A20000570000000000000057 /* CorrelationEngine.swift */,
				A20000580000000000000058 /* CyclePhaseEngine.swift */,
				A20000590000000000000059 /* InsightGenerator.swift */,
				S20000010000000000000001 /* SampleDataGenerator.swift */,
			);
			path = Services;
			sourceTree = "<group>";
		};
		A50000600000000000000060 /* Data */ = {
			isa = PBXGroup;
			children = (
				A20000560000000000000056 /* PhaseTipData.swift */,
			);
			path = Data;
			sourceTree = "<group>";
		};
		L50000010000000000000001 /* Resources */ = {
			isa = PBXGroup;
			children = (
				L50000020000000000000002 /* Animations */,
				F50000010000000000000001 /* Fonts */,
				I50000010000000000000001 /* Illustrations */,
			);
			path = Resources;
			sourceTree = "<group>";
		};
		I50000010000000000000001 /* Illustrations */ = {
			isa = PBXGroup;
			children = (
				I10000010000000000000001 /* yoga-follicular.png */,
				I10000020000000000000002 /* contemplation-luteal.png */,
				I10000030000000000000003 /* eating-healthy.png */,
				I10000040000000000000004 /* hiking-ovulation.png */,
				I10000050000000000000005 /* eating-menstrual.png */,
			);
			path = Illustrations;
			sourceTree = "<group>";
		};
		L50000020000000000000002 /* Animations */ = {
			isa = PBXGroup;
			children = (
				L10000010000000000000001 /* home.json */,
				L10000020000000000000002 /* leaf.json */,
				L10000030000000000000003 /* walking.json */,
				L10000040000000000000004 /* sparkle.json */,
				L10000050000000000000005 /* gear.json */,
			);
			path = Animations;
			sourceTree = "<group>";
		};
		F50000010000000000000001 /* Fonts */ = {
			isa = PBXGroup;
			children = (
				F20000010000000000000001 /* CrimsonPro-Regular.ttf */,
				F20000020000000000000002 /* CrimsonPro-Medium.ttf */,
				F20000030000000000000003 /* CrimsonPro-SemiBold.ttf */,
			);
			path = Fonts;
			sourceTree = "<group>";
		};
/* End PBXGroup section */

/* Begin PBXNativeTarget section */
		A6000001000000000000002A /* Clio */ = {
			isa = PBXNativeTarget;
			buildConfigurationList = A7000001000000000000002B /* Build configuration list for PBXNativeTarget "Clio" */;
			buildPhases = (
				A8000001000000000000002C /* Sources */,
				A4000001000000000000001B /* Frameworks */,
				A9000001000000000000002D /* Resources */,
			);
			buildRules = (
			);
			dependencies = (
			);
			name = Clio;
			packageProductDependencies = (
				B1000001000000000000001A /* Lottie */,
			);
			productName = Clio;
			productReference = A3000001000000000000001A /* Clio.app */;
			productType = "com.apple.product-type.application";
		};
/* End PBXNativeTarget section */

/* Begin PBXProject section */
		AA000001000000000000002E /* Project object */ = {
			isa = PBXProject;
			attributes = {
				BuildIndependentTargetsInParallel = 1;
				LastSwiftUpdateCheck = 1540;
				LastUpgradeCheck = 1540;
				TargetAttributes = {
					A6000001000000000000002A = {
						CreatedOnToolsVersion = 15.4;
					};
				};
			};
			buildConfigurationList = AB000001000000000000002F /* Build configuration list for PBXProject "Clio" */;
			compatibilityVersion = "Xcode 14.0";
			developmentRegion = en;
			hasScannedForEncodings = 0;
			knownRegions = (
				en,
				Base,
			);
			mainGroup = A5000001000000000000001C;
			packageReferences = (
				B2000001000000000000001B /* XCRemoteSwiftPackageReference "lottie-ios" */,
			);
			productRefGroup = A5000003000000000000001E /* Products */;
			projectDirPath = "";
			projectRoot = "";
			targets = (
				A6000001000000000000002A /* Clio */,
			);
		};
/* End PBXProject section */

/* Begin PBXResourcesBuildPhase section */
		A9000001000000000000002D /* Resources */ = {
			isa = PBXResourcesBuildPhase;
			buildActionMask = 2147483647;
			files = (
				A10000190000000000000013 /* Assets.xcassets in Resources */,
				L20000010000000000000001 /* home.json in Resources */,
				L20000020000000000000002 /* leaf.json in Resources */,
				L20000030000000000000003 /* walking.json in Resources */,
				L20000040000000000000004 /* sparkle.json in Resources */,
				L20000050000000000000005 /* gear.json in Resources */,
				I20000010000000000000001 /* yoga-follicular.png in Resources */,
				I20000020000000000000002 /* contemplation-luteal.png in Resources */,
				I20000030000000000000003 /* eating-healthy.png in Resources */,
				I20000040000000000000004 /* hiking-ovulation.png in Resources */,
				I20000050000000000000005 /* eating-menstrual.png in Resources */,
				F10000010000000000000001 /* CrimsonPro-Regular.ttf in Resources */,
				F10000020000000000000002 /* CrimsonPro-Medium.ttf in Resources */,
				F10000030000000000000003 /* CrimsonPro-SemiBold.ttf in Resources */,
				PRI000010000000000000001 /* PrivacyInfo.xcprivacy in Resources */,
			);
			runOnlyForDeploymentPostprocessing = 0;
		};
/* End PBXResourcesBuildPhase section */

/* Begin PBXSourcesBuildPhase section */
		A8000001000000000000002C /* Sources */ = {
			isa = PBXSourcesBuildPhase;
			buildActionMask = 2147483647;
			files = (
				A10000010000000000000001 /* ClioApp.swift in Sources */,
				A10000020000000000000002 /* ClioTheme.swift in Sources */,
				A10000030000000000000003 /* UserSettings.swift in Sources */,
				A10000050000000000000005 /* MovementEntry.swift in Sources */,
				A10000060000000000000006 /* MealEntry.swift in Sources */,
				A10000400000000000000040 /* SavedMeal.swift in Sources */,
				A10000410000000000000041 /* FeelCheck.swift in Sources */,
				A10000420000000000000042 /* PersonalInsight.swift in Sources */,
				A10000080000000000000008 /* MovementTypeCard.swift in Sources */,
				A10000090000000000000009 /* EnergySlider.swift in Sources */,
				A1000010000000000000000A /* SensationChip.swift in Sources */,
				A1000015000000000000000F /* HomeView.swift in Sources */,
				A10000170000000000000011 /* SettingsView.swift in Sources */,
				A1000020000000000000001A /* HapticFeedback.swift in Sources */,
				A1000021000000000000001B /* OnboardingView.swift in Sources */,
				A1000022000000000000001C /* AnimationHelpers.swift in Sources */,
				A1000023000000000000001D /* KeyboardHelpers.swift in Sources */,
				A1000024000000000000001E /* DataExporter.swift in Sources */,
				A10000500000000000000050 /* AddMealView.swift in Sources */,
				A10000510000000000000051 /* AddMovementView.swift in Sources */,
				A10000520000000000000052 /* EatView.swift in Sources */,
				E10000010000000000000001 /* EditMealView.swift in Sources */,
				A10000530000000000000053 /* FeelCheckView.swift in Sources */,
				A10000540000000000000054 /* InsightsView.swift in Sources */,
				A10000550000000000000055 /* MoveView.swift in Sources */,
				MH1000010000000000000001 /* MealHistoryView.swift in Sources */,
				Q10000010000000000000001 /* QuickDailyLogView.swift in Sources */,
				A10000560000000000000056 /* PhaseTipData.swift in Sources */,
				A10000570000000000000057 /* CorrelationEngine.swift in Sources */,
				A10000580000000000000058 /* CyclePhaseEngine.swift in Sources */,
				A10000590000000000000059 /* InsightGenerator.swift in Sources */,
				S10000010000000000000001 /* SampleDataGenerator.swift in Sources */,
				P10000010000000000000001 /* PhaseHeroView.swift in Sources */,
			);
			runOnlyForDeploymentPostprocessing = 0;
		};
/* End PBXSourcesBuildPhase section */

/* Begin XCBuildConfiguration section */
		AC000001000000000000003A /* Debug */ = {
			isa = XCBuildConfiguration;
			buildSettings = {
				ALWAYS_SEARCH_USER_PATHS = NO;
				ASSETCATALOG_COMPILER_GENERATE_SWIFT_ASSET_SYMBOL_EXTENSIONS = YES;
				CLANG_ANALYZER_NONNULL = YES;
				CLANG_ANALYZER_NUMBER_OBJECT_CONVERSION = YES_AGGRESSIVE;
				CLANG_CXX_LANGUAGE_STANDARD = "gnu++20";
				CLANG_ENABLE_MODULES = YES;
				CLANG_ENABLE_OBJC_ARC = YES;
				CLANG_ENABLE_OBJC_WEAK = YES;
				CLANG_WARN_BLOCK_CAPTURE_AUTORELEASING = YES;
				CLANG_WARN_BOOL_CONVERSION = YES;
				CLANG_WARN_COMMA = YES;
				CLANG_WARN_CONSTANT_CONVERSION = YES;
				CLANG_WARN_DEPRECATED_OBJC_IMPLEMENTATIONS = YES;
				CLANG_WARN_DIRECT_OBJC_ISA_USAGE = YES_ERROR;
				CLANG_WARN_DOCUMENTATION_COMMENTS = YES;
				CLANG_WARN_EMPTY_BODY = YES;
				CLANG_WARN_ENUM_CONVERSION = YES;
				CLANG_WARN_INFINITE_RECURSION = YES;
				CLANG_WARN_INT_CONVERSION = YES;
				CLANG_WARN_NON_LITERAL_NULL_CONVERSION = YES;
				CLANG_WARN_OBJC_IMPLICIT_RETAIN_SELF = YES;
				CLANG_WARN_OBJC_LITERAL_CONVERSION = YES;
				CLANG_WARN_OBJC_ROOT_CLASS = YES_ERROR;
				CLANG_WARN_QUOTED_INCLUDE_IN_FRAMEWORK_HEADER = YES;
				CLANG_WARN_RANGE_LOOP_ANALYSIS = YES;
				CLANG_WARN_STRICT_PROTOTYPES = YES;
				CLANG_WARN_SUSPICIOUS_MOVE = YES;
				CLANG_WARN_UNGUARDED_AVAILABILITY = YES_AGGRESSIVE;
				CLANG_WARN_UNREACHABLE_CODE = YES;
				CLANG_WARN__DUPLICATE_METHOD_MATCH = YES;
				COPY_PHASE_STRIP = NO;
				DEBUG_INFORMATION_FORMAT = dwarf;
				ENABLE_STRICT_OBJC_MSGSEND = YES;
				ENABLE_TESTABILITY = YES;
				ENABLE_USER_SCRIPT_SANDBOXING = YES;
				GCC_C_LANGUAGE_STANDARD = gnu17;
				GCC_DYNAMIC_NO_PIC = NO;
				GCC_NO_COMMON_BLOCKS = YES;
				GCC_OPTIMIZATION_LEVEL = 0;
				GCC_PREPROCESSOR_DEFINITIONS = (
					"DEBUG=1",
					"$(inherited)",
				);
				GCC_WARN_64_TO_32_BIT_CONVERSION = YES;
				GCC_WARN_ABOUT_RETURN_TYPE = YES_ERROR;
				GCC_WARN_UNDECLARED_SELECTOR = YES;
				GCC_WARN_UNINITIALIZED_AUTOS = YES_AGGRESSIVE;
				GCC_WARN_UNUSED_FUNCTION = YES;
				GCC_WARN_UNUSED_VARIABLE = YES;
				IPHONEOS_DEPLOYMENT_TARGET = 17.0;
				LOCALIZATION_PREFERS_STRING_CATALOGS = YES;
				MTL_ENABLE_DEBUG_INFO = INCLUDE_SOURCE;
				MTL_FAST_MATH = YES;
				ONLY_ACTIVE_ARCH = YES;
				SDKROOT = iphoneos;
				SWIFT_ACTIVE_COMPILATION_CONDITIONS = "DEBUG $(inherited)";
				SWIFT_OPTIMIZATION_LEVEL = "-Onone";
			};
			name = Debug;
		};
		AC000002000000000000003B /* Release */ = {
			isa = XCBuildConfiguration;
			buildSettings = {
				ALWAYS_SEARCH_USER_PATHS = NO;
				ASSETCATALOG_COMPILER_GENERATE_SWIFT_ASSET_SYMBOL_EXTENSIONS = YES;
				CLANG_ANALYZER_NONNULL = YES;
				CLANG_ANALYZER_NUMBER_OBJECT_CONVERSION = YES_AGGRESSIVE;
				CLANG_CXX_LANGUAGE_STANDARD = "gnu++20";
				CLANG_ENABLE_MODULES = YES;
				CLANG_ENABLE_OBJC_ARC = YES;
				CLANG_ENABLE_OBJC_WEAK = YES;
				CLANG_WARN_BLOCK_CAPTURE_AUTORELEASING = YES;
				CLANG_WARN_BOOL_CONVERSION = YES;
				CLANG_WARN_COMMA = YES;
				CLANG_WARN_CONSTANT_CONVERSION = YES;
				CLANG_WARN_DEPRECATED_OBJC_IMPLEMENTATIONS = YES;
				CLANG_WARN_DIRECT_OBJC_ISA_USAGE = YES_ERROR;
				CLANG_WARN_DOCUMENTATION_COMMENTS = YES;
				CLANG_WARN_EMPTY_BODY = YES;
				CLANG_WARN_ENUM_CONVERSION = YES;
				CLANG_WARN_INFINITE_RECURSION = YES;
				CLANG_WARN_INT_CONVERSION = YES;
				CLANG_WARN_NON_LITERAL_NULL_CONVERSION = YES;
				CLANG_WARN_OBJC_IMPLICIT_RETAIN_SELF = YES;
				CLANG_WARN_OBJC_LITERAL_CONVERSION = YES;
				CLANG_WARN_OBJC_ROOT_CLASS = YES_ERROR;
				CLANG_WARN_QUOTED_INCLUDE_IN_FRAMEWORK_HEADER = YES;
				CLANG_WARN_RANGE_LOOP_ANALYSIS = YES;
				CLANG_WARN_STRICT_PROTOTYPES = YES;
				CLANG_WARN_SUSPICIOUS_MOVE = YES;
				CLANG_WARN_UNGUARDED_AVAILABILITY = YES_AGGRESSIVE;
				CLANG_WARN_UNREACHABLE_CODE = YES;
				CLANG_WARN__DUPLICATE_METHOD_MATCH = YES;
				COPY_PHASE_STRIP = NO;
				DEBUG_INFORMATION_FORMAT = "dwarf-with-dsym";
				ENABLE_NS_ASSERTIONS = NO;
				ENABLE_STRICT_OBJC_MSGSEND = YES;
				ENABLE_USER_SCRIPT_SANDBOXING = YES;
				GCC_C_LANGUAGE_STANDARD = gnu17;
				GCC_NO_COMMON_BLOCKS = YES;
				GCC_WARN_64_TO_32_BIT_CONVERSION = YES;
				GCC_WARN_ABOUT_RETURN_TYPE = YES_ERROR;
				GCC_WARN_UNDECLARED_SELECTOR = YES;
				GCC_WARN_UNINITIALIZED_AUTOS = YES_AGGRESSIVE;
				GCC_WARN_UNUSED_FUNCTION = YES;
				GCC_WARN_UNUSED_VARIABLE = YES;
				IPHONEOS_DEPLOYMENT_TARGET = 17.0;
				LOCALIZATION_PREFERS_STRING_CATALOGS = YES;
				MTL_ENABLE_DEBUG_INFO = NO;
				MTL_FAST_MATH = YES;
				SDKROOT = iphoneos;
				SWIFT_COMPILATION_MODE = wholemodule;
				VALIDATE_PRODUCT = YES;
			};
			name = Release;
		};
		AD000001000000000000003C /* Debug */ = {
			isa = XCBuildConfiguration;
			buildSettings = {
				ASSETCATALOG_COMPILER_APPICON_NAME = AppIcon;
				ASSETCATALOG_COMPILER_GLOBAL_ACCENT_COLOR_NAME = AccentColor;
				CODE_SIGN_ENTITLEMENTS = Clio/Clio.entitlements;
				CODE_SIGN_STYLE = Automatic;
				CURRENT_PROJECT_VERSION = 1;
				DEVELOPMENT_ASSET_PATHS = "";
				ENABLE_PREVIEWS = YES;
				GENERATE_INFOPLIST_FILE = YES;
				INFOPLIST_KEY_CFBundleDisplayName = Clio;
				INFOPLIST_KEY_UIApplicationSceneManifest_Generation = YES;
				INFOPLIST_KEY_UIApplicationSupportsIndirectInputEvents = YES;
				INFOPLIST_KEY_UILaunchScreen_Generation = YES;
				INFOPLIST_KEY_UISupportedInterfaceOrientations_iPad = "UIInterfaceOrientationPortrait UIInterfaceOrientationPortraitUpsideDown UIInterfaceOrientationLandscapeLeft UIInterfaceOrientationLandscapeRight";
				INFOPLIST_KEY_UISupportedInterfaceOrientations_iPhone = "UIInterfaceOrientationPortrait UIInterfaceOrientationLandscapeLeft UIInterfaceOrientationLandscapeRight";
				LD_RUNPATH_SEARCH_PATHS = (
					"$(inherited)",
					"@executable_path/Frameworks",
				);
				MARKETING_VERSION = 1.0;
				PRODUCT_BUNDLE_IDENTIFIER = com.clio.app;
				PRODUCT_NAME = "$(TARGET_NAME)";
				SWIFT_EMIT_LOC_STRINGS = YES;
				SWIFT_VERSION = 5.0;
				TARGETED_DEVICE_FAMILY = "1,2";
			};
			name = Debug;
		};
		AD000002000000000000003D /* Release */ = {
			isa = XCBuildConfiguration;
			buildSettings = {
				ASSETCATALOG_COMPILER_APPICON_NAME = AppIcon;
				ASSETCATALOG_COMPILER_GLOBAL_ACCENT_COLOR_NAME = AccentColor;
				CODE_SIGN_ENTITLEMENTS = Clio/Clio.entitlements;
				CODE_SIGN_STYLE = Automatic;
				CURRENT_PROJECT_VERSION = 1;
				DEVELOPMENT_ASSET_PATHS = "";
				ENABLE_PREVIEWS = YES;
				GENERATE_INFOPLIST_FILE = YES;
				INFOPLIST_KEY_CFBundleDisplayName = Clio;
				INFOPLIST_KEY_UIApplicationSceneManifest_Generation = YES;
				INFOPLIST_KEY_UIApplicationSupportsIndirectInputEvents = YES;
				INFOPLIST_KEY_UILaunchScreen_Generation = YES;
				INFOPLIST_KEY_UISupportedInterfaceOrientations_iPad = "UIInterfaceOrientationPortrait UIInterfaceOrientationPortraitUpsideDown UIInterfaceOrientationLandscapeLeft UIInterfaceOrientationLandscapeRight";
				INFOPLIST_KEY_UISupportedInterfaceOrientations_iPhone = "UIInterfaceOrientationPortrait UIInterfaceOrientationLandscapeLeft UIInterfaceOrientationLandscapeRight";
				LD_RUNPATH_SEARCH_PATHS = (
					"$(inherited)",
					"@executable_path/Frameworks",
				);
				MARKETING_VERSION = 1.0;
				PRODUCT_BUNDLE_IDENTIFIER = com.clio.app;
				PRODUCT_NAME = "$(TARGET_NAME)";
				SWIFT_EMIT_LOC_STRINGS = YES;
				SWIFT_VERSION = 5.0;
				TARGETED_DEVICE_FAMILY = "1,2";
			};
			name = Release;
		};
/* End XCBuildConfiguration section */

/* Begin XCConfigurationList section */
		A7000001000000000000002B /* Build configuration list for PBXNativeTarget "Clio" */ = {
			isa = XCConfigurationList;
			buildConfigurations = (
				AD000001000000000000003C /* Debug */,
				AD000002000000000000003D /* Release */,
			);
			defaultConfigurationIsVisible = 0;
			defaultConfigurationName = Release;
		};
		AB000001000000000000002F /* Build configuration list for PBXProject "Clio" */ = {
			isa = XCConfigurationList;
			buildConfigurations = (
				AC000001000000000000003A /* Debug */,
				AC000002000000000000003B /* Release */,
			);
			defaultConfigurationIsVisible = 0;
			defaultConfigurationName = Release;
		};
/* End XCConfigurationList section */

/* Begin XCRemoteSwiftPackageReference section */
		B2000001000000000000001B /* XCRemoteSwiftPackageReference "lottie-ios" */ = {
			isa = XCRemoteSwiftPackageReference;
			repositoryURL = "https://github.com/airbnb/lottie-ios.git";
			requirement = {
				kind = upToNextMajorVersion;
				minimumVersion = 4.4.0;
			};
		};
/* End XCRemoteSwiftPackageReference section */

/* Begin XCSwiftPackageProductDependency section */
		B1000001000000000000001A /* Lottie */ = {
			isa = XCSwiftPackageProductDependency;
			package = B2000001000000000000001B /* XCRemoteSwiftPackageReference "lottie-ios" */;
			productName = Lottie;
		};
/* End XCSwiftPackageProductDependency section */
	};
	rootObject = AA000001000000000000002E /* Project object */;
}
